// !$*UTF8*$!
{
	archiveVersion = 1;
	classes = {
	};
	objectVersion = 56;
	objects = {

/* Begin PBXBuildFile section */
		011E8C28298346BE00F163D4 /* AppDelegate.swift in Sources */ = {isa = PBXBuildFile; fileRef = 011E8C27298346BE00F163D4 /* AppDelegate.swift */; };
		011E8C2A298346BE00F163D4 /* SceneDelegate.swift in Sources */ = {isa = PBXBuildFile; fileRef = 011E8C29298346BE00F163D4 /* SceneDelegate.swift */; };
		011E8C2C298346BE00F163D4 /* CreditsViewController.swift in Sources */ = {isa = PBXBuildFile; fileRef = 011E8C2B298346BE00F163D4 /* CreditsViewController.swift */; };
		011E8C31298346BF00F163D4 /* Assets.xcassets in Resources */ = {isa = PBXBuildFile; fileRef = 011E8C30298346BF00F163D4 /* Assets.xcassets */; };
		011E8C34298346BF00F163D4 /* LaunchScreen.storyboard in Resources */ = {isa = PBXBuildFile; fileRef = 011E8C32298346BF00F163D4 /* LaunchScreen.storyboard */; };
		011E8C3E29834A1800F163D4 /* CreditsTableViewCell.swift in Sources */ = {isa = PBXBuildFile; fileRef = 011E8C3D29834A1800F163D4 /* CreditsTableViewCell.swift */; };
		011E8C4129834C4D00F163D4 /* CreditsDetailViewController.swift in Sources */ = {isa = PBXBuildFile; fileRef = 011E8C4029834C4D00F163D4 /* CreditsDetailViewController.swift */; };
		011E8C4629834CDD00F163D4 /* DTTitleLabel.swift in Sources */ = {isa = PBXBuildFile; fileRef = 011E8C4529834CDD00F163D4 /* DTTitleLabel.swift */; };
		011E8C4829834D1F00F163D4 /* DTBodyLabel.swift in Sources */ = {isa = PBXBuildFile; fileRef = 011E8C4729834D1F00F163D4 /* DTBodyLabel.swift */; };
		011E8C4D298352C700F163D4 /* UIView+Ext.swift in Sources */ = {isa = PBXBuildFile; fileRef = 011E8C4C298352C700F163D4 /* UIView+Ext.swift */; };
		011E8C5D2984014200F163D4 /* FirestoreManager.swift in Sources */ = {isa = PBXBuildFile; fileRef = 011E8C5C2984014200F163D4 /* FirestoreManager.swift */; };
		011E8C6429848B6200F163D4 /* DTTextField.swift in Sources */ = {isa = PBXBuildFile; fileRef = 011E8C6329848B6200F163D4 /* DTTextField.swift */; };
		011E8C67298497A900F163D4 /* DTButton.swift in Sources */ = {isa = PBXBuildFile; fileRef = 011E8C66298497A900F163D4 /* DTButton.swift */; };
		011E8C6E29849F5F00F163D4 /* DTDatePicker.swift in Sources */ = {isa = PBXBuildFile; fileRef = 011E8C6D29849F5F00F163D4 /* DTDatePicker.swift */; };
		011E8C702984A8C300F163D4 /* Int+Ext.swift in Sources */ = {isa = PBXBuildFile; fileRef = 011E8C6F2984A8C300F163D4 /* Int+Ext.swift */; };
		011E8C7329858BC600F163D4 /* DTAlertViewController.swift in Sources */ = {isa = PBXBuildFile; fileRef = 011E8C7229858BC600F163D4 /* DTAlertViewController.swift */; };
		011E8C7629858C1900F163D4 /* DTContainerView.swift in Sources */ = {isa = PBXBuildFile; fileRef = 011E8C7529858C1900F163D4 /* DTContainerView.swift */; };
		011E8C7829858CD700F163D4 /* UIViewController+Ext.swift in Sources */ = {isa = PBXBuildFile; fileRef = 011E8C7729858CD700F163D4 /* UIViewController+Ext.swift */; };
		011E8C7A2985C92300F163D4 /* CreditsDetailTableViewCell.swift in Sources */ = {isa = PBXBuildFile; fileRef = 011E8C792985C92300F163D4 /* CreditsDetailTableViewCell.swift */; };
		011E8C7C2986A14300F163D4 /* DTEmptyStateView.swift in Sources */ = {isa = PBXBuildFile; fileRef = 011E8C7B2986A14300F163D4 /* DTEmptyStateView.swift */; };
		011E8C7E298A801200F163D4 /* MainTabBarViewController.swift in Sources */ = {isa = PBXBuildFile; fileRef = 011E8C7D298A801200F163D4 /* MainTabBarViewController.swift */; };
		011E8C80298A808300F163D4 /* CreditsMainViewController.swift in Sources */ = {isa = PBXBuildFile; fileRef = 011E8C7F298A808300F163D4 /* CreditsMainViewController.swift */; };
		011E8C82298A84CA00F163D4 /* CreditsCollectionViewCell.swift in Sources */ = {isa = PBXBuildFile; fileRef = 011E8C81298A84CA00F163D4 /* CreditsCollectionViewCell.swift */; };
		011E8C85298A885D00F163D4 /* UIHelper.swift in Sources */ = {isa = PBXBuildFile; fileRef = 011E8C84298A885D00F163D4 /* UIHelper.swift */; };
		011E8C87298A890300F163D4 /* BankDetails.swift in Sources */ = {isa = PBXBuildFile; fileRef = 011E8C86298A890300F163D4 /* BankDetails.swift */; };
		011E8C89298A911A00F163D4 /* AddCreditViewController.swift in Sources */ = {isa = PBXBuildFile; fileRef = 011E8C88298A911A00F163D4 /* AddCreditViewController.swift */; };
		011E8C8F298B2D0700F163D4 /* SelectInstallmentBottomSheetVc.swift in Sources */ = {isa = PBXBuildFile; fileRef = 011E8C8E298B2D0700F163D4 /* SelectInstallmentBottomSheetVc.swift */; };
		011E8C91298BF6AA00F163D4 /* CreditDetailModel.swift in Sources */ = {isa = PBXBuildFile; fileRef = 011E8C90298BF6AA00F163D4 /* CreditDetailModel.swift */; };
		011E8C93298C6A6000F163D4 /* CreateBankPopupVc.swift in Sources */ = {isa = PBXBuildFile; fileRef = 011E8C92298C6A6000F163D4 /* CreateBankPopupVc.swift */; };
		0129E075299558FC002FBAA0 /* LoginViewController.swift in Sources */ = {isa = PBXBuildFile; fileRef = 0129E074299558FC002FBAA0 /* LoginViewController.swift */; };
		0129E07729995E2B002FBAA0 /* AuthManager.swift in Sources */ = {isa = PBXBuildFile; fileRef = 0129E07629995E2B002FBAA0 /* AuthManager.swift */; };
		0129E079299985F8002FBAA0 /* ForgotPasswordVc.swift in Sources */ = {isa = PBXBuildFile; fileRef = 0129E078299985F8002FBAA0 /* ForgotPasswordVc.swift */; };
		0129E07B299A8454002FBAA0 /* DTCloseButton.swift in Sources */ = {isa = PBXBuildFile; fileRef = 0129E07A299A8454002FBAA0 /* DTCloseButton.swift */; };
		0129E07D299A8B1D002FBAA0 /* SelectCurrencyBottomVc.swift in Sources */ = {isa = PBXBuildFile; fileRef = 0129E07C299A8B1D002FBAA0 /* SelectCurrencyBottomVc.swift */; };
		0129E0A0299EF27C002FBAA0 /* GoogleSignIn in Frameworks */ = {isa = PBXBuildFile; productRef = 0129E09F299EF27C002FBAA0 /* GoogleSignIn */; };
		0129E0A2299EF27C002FBAA0 /* GoogleSignInSwift in Frameworks */ = {isa = PBXBuildFile; productRef = 0129E0A1299EF27C002FBAA0 /* GoogleSignInSwift */; };
		0129E0A5299EF94F002FBAA0 /* FacebookCore in Frameworks */ = {isa = PBXBuildFile; productRef = 0129E0A4299EF94F002FBAA0 /* FacebookCore */; };
		0129E0A7299EF94F002FBAA0 /* FacebookLogin in Frameworks */ = {isa = PBXBuildFile; productRef = 0129E0A6299EF94F002FBAA0 /* FacebookLogin */; };
		0129E0AA29A0D823002FBAA0 /* CurrencyTextField.swift in Sources */ = {isa = PBXBuildFile; fileRef = 0129E0A929A0D823002FBAA0 /* CurrencyTextField.swift */; };
		0129E0AC29A0F2C3002FBAA0 /* UITableViewCell+Ext.swift in Sources */ = {isa = PBXBuildFile; fileRef = 0129E0AB29A0F2C3002FBAA0 /* UITableViewCell+Ext.swift */; };
		0129E0AE29A0F2D5002FBAA0 /* String+Ext.swift in Sources */ = {isa = PBXBuildFile; fileRef = 0129E0AD29A0F2D5002FBAA0 /* String+Ext.swift */; };
		0129E0B029A0F322002FBAA0 /* Currency.swift in Sources */ = {isa = PBXBuildFile; fileRef = 0129E0AF29A0F322002FBAA0 /* Currency.swift */; };
		0129E0B229A0FA24002FBAA0 /* SelectCurrencyCell.swift in Sources */ = {isa = PBXBuildFile; fileRef = 0129E0B129A0FA24002FBAA0 /* SelectCurrencyCell.swift */; };
		015D324429A8FEBA008E6FD7 /* SplashScreenViewController.swift in Sources */ = {isa = PBXBuildFile; fileRef = 015D324329A8FEBA008E6FD7 /* SplashScreenViewController.swift */; };
		015D324729A901DD008E6FD7 /* DTFacebookSigninButton.swift in Sources */ = {isa = PBXBuildFile; fileRef = 015D324629A901DD008E6FD7 /* DTFacebookSigninButton.swift */; };
		017EDC3B29A68B7E00AD87D7 /* Constants.swift in Sources */ = {isa = PBXBuildFile; fileRef = 017EDC3A29A68B7E00AD87D7 /* Constants.swift */; };
		01D8F50829944D1C00369895 /* GoogleService-Info.plist in Resources */ = {isa = PBXBuildFile; fileRef = 01D8F50729944D1C00369895 /* GoogleService-Info.plist */; };
		01D8F50B29944D9A00369895 /* FirebaseAuth in Frameworks */ = {isa = PBXBuildFile; productRef = 01D8F50A29944D9A00369895 /* FirebaseAuth */; };
		01D8F50D29944D9A00369895 /* FirebaseFirestore in Frameworks */ = {isa = PBXBuildFile; productRef = 01D8F50C29944D9A00369895 /* FirebaseFirestore */; };
		01D8F50F29944D9A00369895 /* FirebaseStorage in Frameworks */ = {isa = PBXBuildFile; productRef = 01D8F50E29944D9A00369895 /* FirebaseStorage */; };
		01D8F51129953F3000369895 /* RegisterViewController.swift in Sources */ = {isa = PBXBuildFile; fileRef = 01D8F51029953F3000369895 /* RegisterViewController.swift */; };
/* End PBXBuildFile section */

/* Begin PBXFileReference section */
		011E8C24298346BE00F163D4 /* Debt Tracker.app */ = {isa = PBXFileReference; explicitFileType = wrapper.application; includeInIndex = 0; path = "Debt Tracker.app"; sourceTree = BUILT_PRODUCTS_DIR; };
		011E8C27298346BE00F163D4 /* AppDelegate.swift */ = {isa = PBXFileReference; lastKnownFileType = sourcecode.swift; path = AppDelegate.swift; sourceTree = "<group>"; };
		011E8C29298346BE00F163D4 /* SceneDelegate.swift */ = {isa = PBXFileReference; lastKnownFileType = sourcecode.swift; path = SceneDelegate.swift; sourceTree = "<group>"; };
		011E8C2B298346BE00F163D4 /* CreditsViewController.swift */ = {isa = PBXFileReference; lastKnownFileType = sourcecode.swift; path = CreditsViewController.swift; sourceTree = "<group>"; };
		011E8C30298346BF00F163D4 /* Assets.xcassets */ = {isa = PBXFileReference; lastKnownFileType = folder.assetcatalog; path = Assets.xcassets; sourceTree = "<group>"; };
		011E8C33298346BF00F163D4 /* Base */ = {isa = PBXFileReference; lastKnownFileType = file.storyboard; name = Base; path = Base.lproj/LaunchScreen.storyboard; sourceTree = "<group>"; };
		011E8C35298346BF00F163D4 /* Info.plist */ = {isa = PBXFileReference; lastKnownFileType = text.plist.xml; path = Info.plist; sourceTree = "<group>"; };
		011E8C3D29834A1800F163D4 /* CreditsTableViewCell.swift */ = {isa = PBXFileReference; lastKnownFileType = sourcecode.swift; path = CreditsTableViewCell.swift; sourceTree = "<group>"; };
		011E8C4029834C4D00F163D4 /* CreditsDetailViewController.swift */ = {isa = PBXFileReference; lastKnownFileType = sourcecode.swift; path = CreditsDetailViewController.swift; sourceTree = "<group>"; };
		011E8C4529834CDD00F163D4 /* DTTitleLabel.swift */ = {isa = PBXFileReference; lastKnownFileType = sourcecode.swift; path = DTTitleLabel.swift; sourceTree = "<group>"; };
		011E8C4729834D1F00F163D4 /* DTBodyLabel.swift */ = {isa = PBXFileReference; lastKnownFileType = sourcecode.swift; path = DTBodyLabel.swift; sourceTree = "<group>"; };
		011E8C4C298352C700F163D4 /* UIView+Ext.swift */ = {isa = PBXFileReference; lastKnownFileType = sourcecode.swift; path = "UIView+Ext.swift"; sourceTree = "<group>"; };
		011E8C5C2984014200F163D4 /* FirestoreManager.swift */ = {isa = PBXFileReference; lastKnownFileType = sourcecode.swift; path = FirestoreManager.swift; sourceTree = "<group>"; };
		011E8C6329848B6200F163D4 /* DTTextField.swift */ = {isa = PBXFileReference; lastKnownFileType = sourcecode.swift; path = DTTextField.swift; sourceTree = "<group>"; };
		011E8C66298497A900F163D4 /* DTButton.swift */ = {isa = PBXFileReference; lastKnownFileType = sourcecode.swift; path = DTButton.swift; sourceTree = "<group>"; };
		011E8C6D29849F5F00F163D4 /* DTDatePicker.swift */ = {isa = PBXFileReference; lastKnownFileType = sourcecode.swift; path = DTDatePicker.swift; sourceTree = "<group>"; };
		011E8C6F2984A8C300F163D4 /* Int+Ext.swift */ = {isa = PBXFileReference; lastKnownFileType = sourcecode.swift; path = "Int+Ext.swift"; sourceTree = "<group>"; };
		011E8C7229858BC600F163D4 /* DTAlertViewController.swift */ = {isa = PBXFileReference; lastKnownFileType = sourcecode.swift; path = DTAlertViewController.swift; sourceTree = "<group>"; };
		011E8C7529858C1900F163D4 /* DTContainerView.swift */ = {isa = PBXFileReference; lastKnownFileType = sourcecode.swift; path = DTContainerView.swift; sourceTree = "<group>"; };
		011E8C7729858CD700F163D4 /* UIViewController+Ext.swift */ = {isa = PBXFileReference; lastKnownFileType = sourcecode.swift; path = "UIViewController+Ext.swift"; sourceTree = "<group>"; };
		011E8C792985C92300F163D4 /* CreditsDetailTableViewCell.swift */ = {isa = PBXFileReference; lastKnownFileType = sourcecode.swift; path = CreditsDetailTableViewCell.swift; sourceTree = "<group>"; };
		011E8C7B2986A14300F163D4 /* DTEmptyStateView.swift */ = {isa = PBXFileReference; lastKnownFileType = sourcecode.swift; path = DTEmptyStateView.swift; sourceTree = "<group>"; };
		011E8C7D298A801200F163D4 /* MainTabBarViewController.swift */ = {isa = PBXFileReference; lastKnownFileType = sourcecode.swift; path = MainTabBarViewController.swift; sourceTree = "<group>"; };
		011E8C7F298A808300F163D4 /* CreditsMainViewController.swift */ = {isa = PBXFileReference; lastKnownFileType = sourcecode.swift; path = CreditsMainViewController.swift; sourceTree = "<group>"; };
		011E8C81298A84CA00F163D4 /* CreditsCollectionViewCell.swift */ = {isa = PBXFileReference; lastKnownFileType = sourcecode.swift; path = CreditsCollectionViewCell.swift; sourceTree = "<group>"; };
		011E8C84298A885D00F163D4 /* UIHelper.swift */ = {isa = PBXFileReference; lastKnownFileType = sourcecode.swift; path = UIHelper.swift; sourceTree = "<group>"; };
		011E8C86298A890300F163D4 /* BankDetails.swift */ = {isa = PBXFileReference; lastKnownFileType = sourcecode.swift; path = BankDetails.swift; sourceTree = "<group>"; };
		011E8C88298A911A00F163D4 /* AddCreditViewController.swift */ = {isa = PBXFileReference; lastKnownFileType = sourcecode.swift; path = AddCreditViewController.swift; sourceTree = "<group>"; };
		011E8C8E298B2D0700F163D4 /* SelectInstallmentBottomSheetVc.swift */ = {isa = PBXFileReference; lastKnownFileType = sourcecode.swift; path = SelectInstallmentBottomSheetVc.swift; sourceTree = "<group>"; };
		011E8C90298BF6AA00F163D4 /* CreditDetailModel.swift */ = {isa = PBXFileReference; lastKnownFileType = sourcecode.swift; path = CreditDetailModel.swift; sourceTree = "<group>"; };
		011E8C92298C6A6000F163D4 /* CreateBankPopupVc.swift */ = {isa = PBXFileReference; lastKnownFileType = sourcecode.swift; path = CreateBankPopupVc.swift; sourceTree = "<group>"; };
		0129E074299558FC002FBAA0 /* LoginViewController.swift */ = {isa = PBXFileReference; lastKnownFileType = sourcecode.swift; path = LoginViewController.swift; sourceTree = "<group>"; };
		0129E07629995E2B002FBAA0 /* AuthManager.swift */ = {isa = PBXFileReference; lastKnownFileType = sourcecode.swift; path = AuthManager.swift; sourceTree = "<group>"; };
		0129E078299985F8002FBAA0 /* ForgotPasswordVc.swift */ = {isa = PBXFileReference; lastKnownFileType = sourcecode.swift; path = ForgotPasswordVc.swift; sourceTree = "<group>"; };
		0129E07A299A8454002FBAA0 /* DTCloseButton.swift */ = {isa = PBXFileReference; lastKnownFileType = sourcecode.swift; path = DTCloseButton.swift; sourceTree = "<group>"; };
		0129E07C299A8B1D002FBAA0 /* SelectCurrencyBottomVc.swift */ = {isa = PBXFileReference; lastKnownFileType = sourcecode.swift; path = SelectCurrencyBottomVc.swift; sourceTree = "<group>"; };
		0129E0A8299F0219002FBAA0 /* Debt Tracker.entitlements */ = {isa = PBXFileReference; lastKnownFileType = text.plist.entitlements; path = "Debt Tracker.entitlements"; sourceTree = "<group>"; };
		0129E0A929A0D823002FBAA0 /* CurrencyTextField.swift */ = {isa = PBXFileReference; lastKnownFileType = sourcecode.swift; path = CurrencyTextField.swift; sourceTree = "<group>"; };
		0129E0AB29A0F2C3002FBAA0 /* UITableViewCell+Ext.swift */ = {isa = PBXFileReference; lastKnownFileType = sourcecode.swift; path = "UITableViewCell+Ext.swift"; sourceTree = "<group>"; };
		0129E0AD29A0F2D5002FBAA0 /* String+Ext.swift */ = {isa = PBXFileReference; lastKnownFileType = sourcecode.swift; path = "String+Ext.swift"; sourceTree = "<group>"; };
		0129E0AF29A0F322002FBAA0 /* Currency.swift */ = {isa = PBXFileReference; lastKnownFileType = sourcecode.swift; path = Currency.swift; sourceTree = "<group>"; };
		0129E0B129A0FA24002FBAA0 /* SelectCurrencyCell.swift */ = {isa = PBXFileReference; lastKnownFileType = sourcecode.swift; path = SelectCurrencyCell.swift; sourceTree = "<group>"; };
		015D324329A8FEBA008E6FD7 /* SplashScreenViewController.swift */ = {isa = PBXFileReference; lastKnownFileType = sourcecode.swift; path = SplashScreenViewController.swift; sourceTree = "<group>"; };
		015D324629A901DD008E6FD7 /* DTFacebookSigninButton.swift */ = {isa = PBXFileReference; lastKnownFileType = sourcecode.swift; path = DTFacebookSigninButton.swift; sourceTree = "<group>"; };
		017EDC3A29A68B7E00AD87D7 /* Constants.swift */ = {isa = PBXFileReference; lastKnownFileType = sourcecode.swift; path = Constants.swift; sourceTree = "<group>"; };
		01D8F50729944D1C00369895 /* GoogleService-Info.plist */ = {isa = PBXFileReference; fileEncoding = 4; lastKnownFileType = text.plist.xml; path = "GoogleService-Info.plist"; sourceTree = "<group>"; };
		01D8F51029953F3000369895 /* RegisterViewController.swift */ = {isa = PBXFileReference; lastKnownFileType = sourcecode.swift; path = RegisterViewController.swift; sourceTree = "<group>"; };
/* End PBXFileReference section */

/* Begin PBXFrameworksBuildPhase section */
		011E8C21298346BE00F163D4 /* Frameworks */ = {
			isa = PBXFrameworksBuildPhase;
			buildActionMask = 2147483647;
			files = (
				0129E0A2299EF27C002FBAA0 /* GoogleSignInSwift in Frameworks */,
				0129E0A5299EF94F002FBAA0 /* FacebookCore in Frameworks */,
				01D8F50B29944D9A00369895 /* FirebaseAuth in Frameworks */,
				0129E0A0299EF27C002FBAA0 /* GoogleSignIn in Frameworks */,
				01D8F50D29944D9A00369895 /* FirebaseFirestore in Frameworks */,
				0129E0A7299EF94F002FBAA0 /* FacebookLogin in Frameworks */,
				01D8F50F29944D9A00369895 /* FirebaseStorage in Frameworks */,
			);
			runOnlyForDeploymentPostprocessing = 0;
		};
/* End PBXFrameworksBuildPhase section */

/* Begin PBXGroup section */
		011E8C1B298346BE00F163D4 = {
			isa = PBXGroup;
			children = (
				011E8C26298346BE00F163D4 /* Debt Tracker */,
				011E8C25298346BE00F163D4 /* Products */,
			);
			sourceTree = "<group>";
		};
		011E8C25298346BE00F163D4 /* Products */ = {
			isa = PBXGroup;
			children = (
				011E8C24298346BE00F163D4 /* Debt Tracker.app */,
			);
			name = Products;
			sourceTree = "<group>";
		};
		011E8C26298346BE00F163D4 /* Debt Tracker */ = {
			isa = PBXGroup;
			children = (
				0129E0A8299F0219002FBAA0 /* Debt Tracker.entitlements */,
				011E8C83298A884500F163D4 /* Utilities */,
				011E8C4E2983534500F163D4 /* Models */,
				011E8C4B298352B900F163D4 /* Extensions */,
				011E8C4329834C8400F163D4 /* SupportingFiles */,
				011E8C5B298400CC00F163D4 /* Manager */,
				011E8C4429834CAC00F163D4 /* CustomComponents */,
				011E8C3F29834BE400F163D4 /* Screens */,
				011E8C4229834C6600F163D4 /* Views */,
				011E8C35298346BF00F163D4 /* Info.plist */,
				01D8F50729944D1C00369895 /* GoogleService-Info.plist */,
			);
			path = "Debt Tracker";
			sourceTree = "<group>";
		};
		011E8C3F29834BE400F163D4 /* Screens */ = {
			isa = PBXGroup;
			children = (
				011E8C6829849B6700F163D4 /* Core */,
				011E8C8B298A922E00F163D4 /* General */,
			);
			path = Screens;
			sourceTree = "<group>";
		};
		011E8C4229834C6600F163D4 /* Views */ = {
			isa = PBXGroup;
			children = (
				011E8C3D29834A1800F163D4 /* CreditsTableViewCell.swift */,
				011E8C792985C92300F163D4 /* CreditsDetailTableViewCell.swift */,
				011E8C81298A84CA00F163D4 /* CreditsCollectionViewCell.swift */,
				0129E0B129A0FA24002FBAA0 /* SelectCurrencyCell.swift */,
			);
			path = Views;
			sourceTree = "<group>";
		};
		011E8C4329834C8400F163D4 /* SupportingFiles */ = {
			isa = PBXGroup;
			children = (
				011E8C27298346BE00F163D4 /* AppDelegate.swift */,
				011E8C29298346BE00F163D4 /* SceneDelegate.swift */,
				011E8C30298346BF00F163D4 /* Assets.xcassets */,
				011E8C32298346BF00F163D4 /* LaunchScreen.storyboard */,
			);
			path = SupportingFiles;
			sourceTree = "<group>";
		};
		011E8C4429834CAC00F163D4 /* CustomComponents */ = {
			isa = PBXGroup;
			children = (
				011E8C7429858C0700F163D4 /* Views */,
				011E8C7129858BB400F163D4 /* ViewControllers */,
				011E8C6C29849F4900F163D4 /* DatePickers */,
				011E8C65298497A200F163D4 /* Buttons */,
				011E8C6229848B5500F163D4 /* TextFields */,
				011E8C6129848B4A00F163D4 /* Labels */,
			);
			path = CustomComponents;
			sourceTree = "<group>";
		};
		011E8C4B298352B900F163D4 /* Extensions */ = {
			isa = PBXGroup;
			children = (
				011E8C4C298352C700F163D4 /* UIView+Ext.swift */,
				011E8C6F2984A8C300F163D4 /* Int+Ext.swift */,
				011E8C7729858CD700F163D4 /* UIViewController+Ext.swift */,
				0129E0AB29A0F2C3002FBAA0 /* UITableViewCell+Ext.swift */,
				0129E0AD29A0F2D5002FBAA0 /* String+Ext.swift */,
			);
			path = Extensions;
			sourceTree = "<group>";
		};
		011E8C4E2983534500F163D4 /* Models */ = {
			isa = PBXGroup;
			children = (
				011E8C86298A890300F163D4 /* BankDetails.swift */,
				011E8C90298BF6AA00F163D4 /* CreditDetailModel.swift */,
			);
			path = Models;
			sourceTree = "<group>";
		};
		011E8C5B298400CC00F163D4 /* Manager */ = {
			isa = PBXGroup;
			children = (
				0129E07629995E2B002FBAA0 /* AuthManager.swift */,
				011E8C5C2984014200F163D4 /* FirestoreManager.swift */,
			);
			path = Manager;
			sourceTree = "<group>";
		};
		011E8C6129848B4A00F163D4 /* Labels */ = {
			isa = PBXGroup;
			children = (
				011E8C4529834CDD00F163D4 /* DTTitleLabel.swift */,
				011E8C4729834D1F00F163D4 /* DTBodyLabel.swift */,
			);
			path = Labels;
			sourceTree = "<group>";
		};
		011E8C6229848B5500F163D4 /* TextFields */ = {
			isa = PBXGroup;
			children = (
				011E8C6329848B6200F163D4 /* DTTextField.swift */,
				0129E0A929A0D823002FBAA0 /* CurrencyTextField.swift */,
			);
			path = TextFields;
			sourceTree = "<group>";
		};
		011E8C65298497A200F163D4 /* Buttons */ = {
			isa = PBXGroup;
			children = (
				011E8C66298497A900F163D4 /* DTButton.swift */,
				0129E07A299A8454002FBAA0 /* DTCloseButton.swift */,
				015D324629A901DD008E6FD7 /* DTFacebookSigninButton.swift */,
			);
			path = Buttons;
			sourceTree = "<group>";
		};
		011E8C6829849B6700F163D4 /* Core */ = {
			isa = PBXGroup;
			children = (
				015D324329A8FEBA008E6FD7 /* SplashScreenViewController.swift */,
				0129E074299558FC002FBAA0 /* LoginViewController.swift */,
				011E8C7F298A808300F163D4 /* CreditsMainViewController.swift */,
				011E8C2B298346BE00F163D4 /* CreditsViewController.swift */,
				011E8C4029834C4D00F163D4 /* CreditsDetailViewController.swift */,
				011E8C7D298A801200F163D4 /* MainTabBarViewController.swift */,
			);
			path = Core;
			sourceTree = "<group>";
		};
		011E8C6C29849F4900F163D4 /* DatePickers */ = {
			isa = PBXGroup;
			children = (
				011E8C6D29849F5F00F163D4 /* DTDatePicker.swift */,
			);
			path = DatePickers;
			sourceTree = "<group>";
		};
		011E8C7129858BB400F163D4 /* ViewControllers */ = {
			isa = PBXGroup;
			children = (
				011E8C7229858BC600F163D4 /* DTAlertViewController.swift */,
				0129E0AF29A0F322002FBAA0 /* Currency.swift */,
			);
			path = ViewControllers;
			sourceTree = "<group>";
		};
		011E8C7429858C0700F163D4 /* Views */ = {
			isa = PBXGroup;
			children = (
				011E8C7529858C1900F163D4 /* DTContainerView.swift */,
				011E8C7B2986A14300F163D4 /* DTEmptyStateView.swift */,
			);
			path = Views;
			sourceTree = "<group>";
		};
		011E8C83298A884500F163D4 /* Utilities */ = {
			isa = PBXGroup;
			children = (
				011E8C84298A885D00F163D4 /* UIHelper.swift */,
				017EDC3A29A68B7E00AD87D7 /* Constants.swift */,
			);
			path = Utilities;
			sourceTree = "<group>";
		};
		011E8C8B298A922E00F163D4 /* General */ = {
			isa = PBXGroup;
			children = (
				01D8F51029953F3000369895 /* RegisterViewController.swift */,
				0129E078299985F8002FBAA0 /* ForgotPasswordVc.swift */,
				011E8C92298C6A6000F163D4 /* CreateBankPopupVc.swift */,
				011E8C88298A911A00F163D4 /* AddCreditViewController.swift */,
				011E8C8E298B2D0700F163D4 /* SelectInstallmentBottomSheetVc.swift */,
				0129E07C299A8B1D002FBAA0 /* SelectCurrencyBottomVc.swift */,
			);
			path = General;
			sourceTree = "<group>";
		};
/* End PBXGroup section */

/* Begin PBXNativeTarget section */
		011E8C23298346BE00F163D4 /* Debt Tracker */ = {
			isa = PBXNativeTarget;
			buildConfigurationList = 011E8C38298346BF00F163D4 /* Build configuration list for PBXNativeTarget "Debt Tracker" */;
			buildPhases = (
				011E8C20298346BE00F163D4 /* Sources */,
				011E8C21298346BE00F163D4 /* Frameworks */,
				011E8C22298346BE00F163D4 /* Resources */,
			);
			buildRules = (
			);
			dependencies = (
			);
			name = "Debt Tracker";
			packageProductDependencies = (
				01D8F50A29944D9A00369895 /* FirebaseAuth */,
				01D8F50C29944D9A00369895 /* FirebaseFirestore */,
				01D8F50E29944D9A00369895 /* FirebaseStorage */,
				0129E09F299EF27C002FBAA0 /* GoogleSignIn */,
				0129E0A1299EF27C002FBAA0 /* GoogleSignInSwift */,
				0129E0A4299EF94F002FBAA0 /* FacebookCore */,
				0129E0A6299EF94F002FBAA0 /* FacebookLogin */,
			);
			productName = "Debt Tracker";
			productReference = 011E8C24298346BE00F163D4 /* Debt Tracker.app */;
			productType = "com.apple.product-type.application";
		};
/* End PBXNativeTarget section */

/* Begin PBXProject section */
		011E8C1C298346BE00F163D4 /* Project object */ = {
			isa = PBXProject;
			attributes = {
				BuildIndependentTargetsInParallel = 1;
				LastSwiftUpdateCheck = 1420;
				LastUpgradeCheck = 1420;
				TargetAttributes = {
					011E8C23298346BE00F163D4 = {
						CreatedOnToolsVersion = 14.2;
					};
				};
			};
			buildConfigurationList = 011E8C1F298346BE00F163D4 /* Build configuration list for PBXProject "Debt Tracker" */;
			compatibilityVersion = "Xcode 14.0";
			developmentRegion = en;
			hasScannedForEncodings = 0;
			knownRegions = (
				en,
				Base,
			);
			mainGroup = 011E8C1B298346BE00F163D4;
			packageReferences = (
				01D8F50929944D9A00369895 /* XCRemoteSwiftPackageReference "firebase-ios-sdk" */,
				0129E09E299EF27C002FBAA0 /* XCRemoteSwiftPackageReference "GoogleSignIn-iOS" */,
				0129E0A3299EF94F002FBAA0 /* XCRemoteSwiftPackageReference "facebook-ios-sdk" */,
			);
			productRefGroup = 011E8C25298346BE00F163D4 /* Products */;
			projectDirPath = "";
			projectRoot = "";
			targets = (
				011E8C23298346BE00F163D4 /* Debt Tracker */,
			);
		};
/* End PBXProject section */

/* Begin PBXResourcesBuildPhase section */
		011E8C22298346BE00F163D4 /* Resources */ = {
			isa = PBXResourcesBuildPhase;
			buildActionMask = 2147483647;
			files = (
				011E8C34298346BF00F163D4 /* LaunchScreen.storyboard in Resources */,
				011E8C31298346BF00F163D4 /* Assets.xcassets in Resources */,
				01D8F50829944D1C00369895 /* GoogleService-Info.plist in Resources */,
			);
			runOnlyForDeploymentPostprocessing = 0;
		};
/* End PBXResourcesBuildPhase section */

/* Begin PBXSourcesBuildPhase section */
		011E8C20298346BE00F163D4 /* Sources */ = {
			isa = PBXSourcesBuildPhase;
			buildActionMask = 2147483647;
			files = (
				011E8C7829858CD700F163D4 /* UIViewController+Ext.swift in Sources */,
				011E8C6E29849F5F00F163D4 /* DTDatePicker.swift in Sources */,
				011E8C7E298A801200F163D4 /* MainTabBarViewController.swift in Sources */,
				011E8C3E29834A1800F163D4 /* CreditsTableViewCell.swift in Sources */,
				011E8C4D298352C700F163D4 /* UIView+Ext.swift in Sources */,
				0129E0AA29A0D823002FBAA0 /* CurrencyTextField.swift in Sources */,
				011E8C8F298B2D0700F163D4 /* SelectInstallmentBottomSheetVc.swift in Sources */,
				011E8C7C2986A14300F163D4 /* DTEmptyStateView.swift in Sources */,
				011E8C80298A808300F163D4 /* CreditsMainViewController.swift in Sources */,
				011E8C4829834D1F00F163D4 /* DTBodyLabel.swift in Sources */,
				011E8C91298BF6AA00F163D4 /* CreditDetailModel.swift in Sources */,
				011E8C4629834CDD00F163D4 /* DTTitleLabel.swift in Sources */,
				011E8C6429848B6200F163D4 /* DTTextField.swift in Sources */,
				0129E0AC29A0F2C3002FBAA0 /* UITableViewCell+Ext.swift in Sources */,
				011E8C93298C6A6000F163D4 /* CreateBankPopupVc.swift in Sources */,
				011E8C5D2984014200F163D4 /* FirestoreManager.swift in Sources */,
				015D324729A901DD008E6FD7 /* DTFacebookSigninButton.swift in Sources */,
				011E8C67298497A900F163D4 /* DTButton.swift in Sources */,
				011E8C7A2985C92300F163D4 /* CreditsDetailTableViewCell.swift in Sources */,
				015D324429A8FEBA008E6FD7 /* SplashScreenViewController.swift in Sources */,
				011E8C4129834C4D00F163D4 /* CreditsDetailViewController.swift in Sources */,
				011E8C7629858C1900F163D4 /* DTContainerView.swift in Sources */,
				017EDC3B29A68B7E00AD87D7 /* Constants.swift in Sources */,
				0129E0B029A0F322002FBAA0 /* Currency.swift in Sources */,
				0129E075299558FC002FBAA0 /* LoginViewController.swift in Sources */,
				0129E07729995E2B002FBAA0 /* AuthManager.swift in Sources */,
				011E8C2C298346BE00F163D4 /* CreditsViewController.swift in Sources */,
				011E8C28298346BE00F163D4 /* AppDelegate.swift in Sources */,
				011E8C2A298346BE00F163D4 /* SceneDelegate.swift in Sources */,
				0129E07D299A8B1D002FBAA0 /* SelectCurrencyBottomVc.swift in Sources */,
				0129E079299985F8002FBAA0 /* ForgotPasswordVc.swift in Sources */,
				0129E07B299A8454002FBAA0 /* DTCloseButton.swift in Sources */,
				0129E0B229A0FA24002FBAA0 /* SelectCurrencyCell.swift in Sources */,
				011E8C702984A8C300F163D4 /* Int+Ext.swift in Sources */,
				011E8C7329858BC600F163D4 /* DTAlertViewController.swift in Sources */,
				0129E0AE29A0F2D5002FBAA0 /* String+Ext.swift in Sources */,
				011E8C87298A890300F163D4 /* BankDetails.swift in Sources */,
				011E8C85298A885D00F163D4 /* UIHelper.swift in Sources */,
				011E8C82298A84CA00F163D4 /* CreditsCollectionViewCell.swift in Sources */,
				011E8C89298A911A00F163D4 /* AddCreditViewController.swift in Sources */,
				01D8F51129953F3000369895 /* RegisterViewController.swift in Sources */,
			);
			runOnlyForDeploymentPostprocessing = 0;
		};
/* End PBXSourcesBuildPhase section */

/* Begin PBXVariantGroup section */
		011E8C32298346BF00F163D4 /* LaunchScreen.storyboard */ = {
			isa = PBXVariantGroup;
			children = (
				011E8C33298346BF00F163D4 /* Base */,
			);
			name = LaunchScreen.storyboard;
			sourceTree = "<group>";
		};
/* End PBXVariantGroup section */

/* Begin XCBuildConfiguration section */
		011E8C36298346BF00F163D4 /* Debug */ = {
			isa = XCBuildConfiguration;
			buildSettings = {
				ALWAYS_SEARCH_USER_PATHS = NO;
				CLANG_ANALYZER_NONNULL = YES;
				CLANG_ANALYZER_NUMBER_OBJECT_CONVERSION = YES_AGGRESSIVE;
				CLANG_CXX_LANGUAGE_STANDARD = "gnu++20";
				CLANG_ENABLE_MODULES = YES;
				CLANG_ENABLE_OBJC_ARC = YES;
				CLANG_ENABLE_OBJC_WEAK = YES;
				CLANG_WARN_BLOCK_CAPTURE_AUTORELEASING = YES;
				CLANG_WARN_BOOL_CONVERSION = YES;
				CLANG_WARN_COMMA = YES;
				CLANG_WARN_CONSTANT_CONVERSION = YES;
				CLANG_WARN_DEPRECATED_OBJC_IMPLEMENTATIONS = YES;
				CLANG_WARN_DIRECT_OBJC_ISA_USAGE = YES_ERROR;
				CLANG_WARN_DOCUMENTATION_COMMENTS = YES;
				CLANG_WARN_EMPTY_BODY = YES;
				CLANG_WARN_ENUM_CONVERSION = YES;
				CLANG_WARN_INFINITE_RECURSION = YES;
				CLANG_WARN_INT_CONVERSION = YES;
				CLANG_WARN_NON_LITERAL_NULL_CONVERSION = YES;
				CLANG_WARN_OBJC_IMPLICIT_RETAIN_SELF = YES;
				CLANG_WARN_OBJC_LITERAL_CONVERSION = YES;
				CLANG_WARN_OBJC_ROOT_CLASS = YES_ERROR;
				CLANG_WARN_QUOTED_INCLUDE_IN_FRAMEWORK_HEADER = YES;
				CLANG_WARN_RANGE_LOOP_ANALYSIS = YES;
				CLANG_WARN_STRICT_PROTOTYPES = YES;
				CLANG_WARN_SUSPICIOUS_MOVE = YES;
				CLANG_WARN_UNGUARDED_AVAILABILITY = YES_AGGRESSIVE;
				CLANG_WARN_UNREACHABLE_CODE = YES;
				CLANG_WARN__DUPLICATE_METHOD_MATCH = YES;
				COPY_PHASE_STRIP = NO;
				DEBUG_INFORMATION_FORMAT = dwarf;
				ENABLE_STRICT_OBJC_MSGSEND = YES;
				ENABLE_TESTABILITY = YES;
				GCC_C_LANGUAGE_STANDARD = gnu11;
				GCC_DYNAMIC_NO_PIC = NO;
				GCC_NO_COMMON_BLOCKS = YES;
				GCC_OPTIMIZATION_LEVEL = 0;
				GCC_PREPROCESSOR_DEFINITIONS = (
					"DEBUG=1",
					"$(inherited)",
				);
				GCC_WARN_64_TO_32_BIT_CONVERSION = YES;
				GCC_WARN_ABOUT_RETURN_TYPE = YES_ERROR;
				GCC_WARN_UNDECLARED_SELECTOR = YES;
				GCC_WARN_UNINITIALIZED_AUTOS = YES_AGGRESSIVE;
				GCC_WARN_UNUSED_FUNCTION = YES;
				GCC_WARN_UNUSED_VARIABLE = YES;
				IPHONEOS_DEPLOYMENT_TARGET = 16.2;
				MTL_ENABLE_DEBUG_INFO = INCLUDE_SOURCE;
				MTL_FAST_MATH = YES;
				ONLY_ACTIVE_ARCH = YES;
				SDKROOT = iphoneos;
				SWIFT_ACTIVE_COMPILATION_CONDITIONS = DEBUG;
				SWIFT_OPTIMIZATION_LEVEL = "-Onone";
			};
			name = Debug;
		};
		011E8C37298346BF00F163D4 /* Release */ = {
			isa = XCBuildConfiguration;
			buildSettings = {
				ALWAYS_SEARCH_USER_PATHS = NO;
				CLANG_ANALYZER_NONNULL = YES;
				CLANG_ANALYZER_NUMBER_OBJECT_CONVERSION = YES_AGGRESSIVE;
				CLANG_CXX_LANGUAGE_STANDARD = "gnu++20";
				CLANG_ENABLE_MODULES = YES;
				CLANG_ENABLE_OBJC_ARC = YES;
				CLANG_ENABLE_OBJC_WEAK = YES;
				CLANG_WARN_BLOCK_CAPTURE_AUTORELEASING = YES;
				CLANG_WARN_BOOL_CONVERSION = YES;
				CLANG_WARN_COMMA = YES;
				CLANG_WARN_CONSTANT_CONVERSION = YES;
				CLANG_WARN_DEPRECATED_OBJC_IMPLEMENTATIONS = YES;
				CLANG_WARN_DIRECT_OBJC_ISA_USAGE = YES_ERROR;
				CLANG_WARN_DOCUMENTATION_COMMENTS = YES;
				CLANG_WARN_EMPTY_BODY = YES;
				CLANG_WARN_ENUM_CONVERSION = YES;
				CLANG_WARN_INFINITE_RECURSION = YES;
				CLANG_WARN_INT_CONVERSION = YES;
				CLANG_WARN_NON_LITERAL_NULL_CONVERSION = YES;
				CLANG_WARN_OBJC_IMPLICIT_RETAIN_SELF = YES;
				CLANG_WARN_OBJC_LITERAL_CONVERSION = YES;
				CLANG_WARN_OBJC_ROOT_CLASS = YES_ERROR;
				CLANG_WARN_QUOTED_INCLUDE_IN_FRAMEWORK_HEADER = YES;
				CLANG_WARN_RANGE_LOOP_ANALYSIS = YES;
				CLANG_WARN_STRICT_PROTOTYPES = YES;
				CLANG_WARN_SUSPICIOUS_MOVE = YES;
				CLANG_WARN_UNGUARDED_AVAILABILITY = YES_AGGRESSIVE;
				CLANG_WARN_UNREACHABLE_CODE = YES;
				CLANG_WARN__DUPLICATE_METHOD_MATCH = YES;
				COPY_PHASE_STRIP = NO;
				DEBUG_INFORMATION_FORMAT = "dwarf-with-dsym";
				ENABLE_NS_ASSERTIONS = NO;
				ENABLE_STRICT_OBJC_MSGSEND = YES;
				GCC_C_LANGUAGE_STANDARD = gnu11;
				GCC_NO_COMMON_BLOCKS = YES;
				GCC_WARN_64_TO_32_BIT_CONVERSION = YES;
				GCC_WARN_ABOUT_RETURN_TYPE = YES_ERROR;
				GCC_WARN_UNDECLARED_SELECTOR = YES;
				GCC_WARN_UNINITIALIZED_AUTOS = YES_AGGRESSIVE;
				GCC_WARN_UNUSED_FUNCTION = YES;
				GCC_WARN_UNUSED_VARIABLE = YES;
				IPHONEOS_DEPLOYMENT_TARGET = 16.2;
				MTL_ENABLE_DEBUG_INFO = NO;
				MTL_FAST_MATH = YES;
				SDKROOT = iphoneos;
				SWIFT_COMPILATION_MODE = wholemodule;
				SWIFT_OPTIMIZATION_LEVEL = "-O";
				VALIDATE_PRODUCT = YES;
			};
			name = Release;
		};
		011E8C39298346BF00F163D4 /* Debug */ = {
			isa = XCBuildConfiguration;
			buildSettings = {
				ASSETCATALOG_COMPILER_APPICON_NAME = AppIcon;
				ASSETCATALOG_COMPILER_GLOBAL_ACCENT_COLOR_NAME = AccentColor;
				CODE_SIGN_ENTITLEMENTS = "Debt Tracker/Debt Tracker.entitlements";
				CODE_SIGN_STYLE = Automatic;
				CURRENT_PROJECT_VERSION = 1;
				DEVELOPMENT_TEAM = XSY7H53P5K;
				GENERATE_INFOPLIST_FILE = YES;
				INFOPLIST_FILE = "Debt Tracker/Info.plist";
				INFOPLIST_KEY_UIApplicationSupportsIndirectInputEvents = YES;
				INFOPLIST_KEY_UILaunchStoryboardName = LaunchScreen;
				INFOPLIST_KEY_UIMainStoryboardFile = "";
				INFOPLIST_KEY_UISupportedInterfaceOrientations = "UIInterfaceOrientationLandscapeRight UIInterfaceOrientationPortrait";
				INFOPLIST_KEY_UISupportedInterfaceOrientations_iPad = "UIInterfaceOrientationLandscapeLeft UIInterfaceOrientationLandscapeRight UIInterfaceOrientationPortrait UIInterfaceOrientationPortraitUpsideDown";
				IPHONEOS_DEPLOYMENT_TARGET = 15.5;
				LD_RUNPATH_SEARCH_PATHS = (
					"$(inherited)",
					"@executable_path/Frameworks",
				);
				MARKETING_VERSION = 1.0;
				PRODUCT_BUNDLE_IDENTIFIER = "CanerCagri.Debt-Tracker";
				PRODUCT_NAME = "$(TARGET_NAME)";
				SUPPORTED_PLATFORMS = "iphoneos iphonesimulator";
				SUPPORTS_MACCATALYST = NO;
				SUPPORTS_MAC_DESIGNED_FOR_IPHONE_IPAD = NO;
				SWIFT_EMIT_LOC_STRINGS = YES;
				SWIFT_VERSION = 5.0;
				TARGETED_DEVICE_FAMILY = 1;
			};
			name = Debug;
		};
		011E8C3A298346BF00F163D4 /* Release */ = {
			isa = XCBuildConfiguration;
			buildSettings = {
				ASSETCATALOG_COMPILER_APPICON_NAME = AppIcon;
				ASSETCATALOG_COMPILER_GLOBAL_ACCENT_COLOR_NAME = AccentColor;
				CODE_SIGN_ENTITLEMENTS = "Debt Tracker/Debt Tracker.entitlements";
				CODE_SIGN_STYLE = Automatic;
				CURRENT_PROJECT_VERSION = 1;
				DEVELOPMENT_TEAM = XSY7H53P5K;
				GENERATE_INFOPLIST_FILE = YES;
				INFOPLIST_FILE = "Debt Tracker/Info.plist";
				INFOPLIST_KEY_UIApplicationSupportsIndirectInputEvents = YES;
				INFOPLIST_KEY_UILaunchStoryboardName = LaunchScreen;
				INFOPLIST_KEY_UIMainStoryboardFile = "";
				INFOPLIST_KEY_UISupportedInterfaceOrientations = "UIInterfaceOrientationLandscapeRight UIInterfaceOrientationPortrait";
				INFOPLIST_KEY_UISupportedInterfaceOrientations_iPad = "UIInterfaceOrientationLandscapeLeft UIInterfaceOrientationLandscapeRight UIInterfaceOrientationPortrait UIInterfaceOrientationPortraitUpsideDown";
				IPHONEOS_DEPLOYMENT_TARGET = 15.5;
				LD_RUNPATH_SEARCH_PATHS = (
					"$(inherited)",
					"@executable_path/Frameworks",
				);
				MARKETING_VERSION = 1.0;
				PRODUCT_BUNDLE_IDENTIFIER = "CanerCagri.Debt-Tracker";
				PRODUCT_NAME = "$(TARGET_NAME)";
				SUPPORTED_PLATFORMS = "iphoneos iphonesimulator";
				SUPPORTS_MACCATALYST = NO;
				SUPPORTS_MAC_DESIGNED_FOR_IPHONE_IPAD = NO;
				SWIFT_EMIT_LOC_STRINGS = YES;
				SWIFT_VERSION = 5.0;
				TARGETED_DEVICE_FAMILY = 1;
			};
			name = Release;
		};
/* End XCBuildConfiguration section */

/* Begin XCConfigurationList section */
		011E8C1F298346BE00F163D4 /* Build configuration list for PBXProject "Debt Tracker" */ = {
			isa = XCConfigurationList;
			buildConfigurations = (
				011E8C36298346BF00F163D4 /* Debug */,
				011E8C37298346BF00F163D4 /* Release */,
			);
			defaultConfigurationIsVisible = 0;
			defaultConfigurationName = Release;
		};
		011E8C38298346BF00F163D4 /* Build configuration list for PBXNativeTarget "Debt Tracker" */ = {
			isa = XCConfigurationList;
			buildConfigurations = (
				011E8C39298346BF00F163D4 /* Debug */,
				011E8C3A298346BF00F163D4 /* Release */,
			);
			defaultConfigurationIsVisible = 0;
			defaultConfigurationName = Release;
		};
/* End XCConfigurationList section */

/* Begin XCRemoteSwiftPackageReference section */
		0129E09E299EF27C002FBAA0 /* XCRemoteSwiftPackageReference "GoogleSignIn-iOS" */ = {
			isa = XCRemoteSwiftPackageReference;
			repositoryURL = "https://github.com/google/GoogleSignIn-iOS";
			requirement = {
				branch = main;
				kind = branch;
			};
		};
		0129E0A3299EF94F002FBAA0 /* XCRemoteSwiftPackageReference "facebook-ios-sdk" */ = {
			isa = XCRemoteSwiftPackageReference;
			repositoryURL = "https://github.com/facebook/facebook-ios-sdk?fbclid=IwAR0SRmq0Ia71geUhjh8F6kqioNPoMT3EtcLLU45c-6LlailvyaYrgoBBVZ0";
			requirement = {
				branch = main;
				kind = branch;
			};
		};
		01D8F50929944D9A00369895 /* XCRemoteSwiftPackageReference "firebase-ios-sdk" */ = {
			isa = XCRemoteSwiftPackageReference;
			repositoryURL = "https://github.com/firebase/firebase-ios-sdk";
			requirement = {
				branch = master;
				kind = branch;
			};
		};
/* End XCRemoteSwiftPackageReference section */

/* Begin XCSwiftPackageProductDependency section */
		0129E09F299EF27C002FBAA0 /* GoogleSignIn */ = {
			isa = XCSwiftPackageProductDependency;
			package = 0129E09E299EF27C002FBAA0 /* XCRemoteSwiftPackageReference "GoogleSignIn-iOS" */;
			productName = GoogleSignIn;
		};
		0129E0A1299EF27C002FBAA0 /* GoogleSignInSwift */ = {
			isa = XCSwiftPackageProductDependency;
			package = 0129E09E299EF27C002FBAA0 /* XCRemoteSwiftPackageReference "GoogleSignIn-iOS" */;
			productName = GoogleSignInSwift;
		};
		0129E0A4299EF94F002FBAA0 /* FacebookCore */ = {
			isa = XCSwiftPackageProductDependency;
			package = 0129E0A3299EF94F002FBAA0 /* XCRemoteSwiftPackageReference "facebook-ios-sdk" */;
			productName = FacebookCore;
		};
		0129E0A6299EF94F002FBAA0 /* FacebookLogin */ = {
			isa = XCSwiftPackageProductDependency;
			package = 0129E0A3299EF94F002FBAA0 /* XCRemoteSwiftPackageReference "facebook-ios-sdk" */;
			productName = FacebookLogin;
		};
		01D8F50A29944D9A00369895 /* FirebaseAuth */ = {
			isa = XCSwiftPackageProductDependency;
			package = 01D8F50929944D9A00369895 /* XCRemoteSwiftPackageReference "firebase-ios-sdk" */;
			productName = FirebaseAuth;
		};
		01D8F50C29944D9A00369895 /* FirebaseFirestore */ = {
			isa = XCSwiftPackageProductDependency;
			package = 01D8F50929944D9A00369895 /* XCRemoteSwiftPackageReference "firebase-ios-sdk" */;
			productName = FirebaseFirestore;
		};
		01D8F50E29944D9A00369895 /* FirebaseStorage */ = {
			isa = XCSwiftPackageProductDependency;
			package = 01D8F50929944D9A00369895 /* XCRemoteSwiftPackageReference "firebase-ios-sdk" */;
			productName = FirebaseStorage;
		};
/* End XCSwiftPackageProductDependency section */
	};
	rootObject = 011E8C1C298346BE00F163D4 /* Project object */;
}
